
Microsoft Visual Studio Solution File, Format Version 12.00
Project("{FAE04EC0-301F-11D3-BF4B-00C04F79EFBC}") = "Catalogo", "Catalogo.csproj", "{5E26A206-3201-454A-8DA7-9A8F3CA2A546}"
EndProject
Global
	GlobalSection(SolutionConfigurationPlatforms) = preSolution
		Debug|Any CPU = Debug|Any CPU
		Release|Any CPU = Release|Any CPU
	EndGlobalSection
	GlobalSection(ProjectConfigurationPlatforms) = postSolution
		{5E26A206-3201-454A-8DA7-9A8F3CA2A546}.Debug|Any CPU.ActiveCfg = Debug|Any CPU
		{5E26A206-3201-454A-8DA7-9A8F3CA2A546}.Debug|Any CPU.Build.0 = Debug|Any CPU
		{5E26A206-3201-454A-8DA7-9A8F3CA2A546}.Release|Any CPU.ActiveCfg = Release|Any CPU
		{5E26A206-3201-454A-8DA7-9A8F3CA2A546}.Release|Any CPU.Build.0 = Release|Any CPU
	EndGlobalSection
EndGlobal
